
Microsoft Visual Studio Solution File, Format Version 12.00
# Visual Studio Version 17
VisualStudioVersion = 17.2.32505.173
MinimumVisualStudioVersion = 10.0.40219.1
Project("{9A19103F-16F7-4668-BE54-9A1E7A4F7556}") = "bookshop-catalog.API", "bookshop-catalog.API\bookshop-catalog.API.csproj", "{9FE19E6B-49FE-4995-A3E8-FC7C0EB25B47}"
EndProject
Project("{FAE04EC0-301F-11D3-BF4B-00C04F79EFBC}") = "bookshop-catalog.UnitTests", "bookshop-catalog.UnitTests\bookshop-catalog.UnitTests.csproj", "{EF319287-93EE-43FF-ABF4-4A3CB88CA698}"
EndProject
Project("{2150E333-8FDC-42A3-9474-1A3956D46DE8}") = "Solution Items", "Solution Items", "{AC7230FA-F036-4087-A017-0E6228A883F6}"
	ProjectSection(SolutionItems) = preProject
		docker-compose.yaml = docker-compose.yaml
	EndProjectSection
EndProject
Global
	GlobalSection(SolutionConfigurationPlatforms) = preSolution
		Debug|Any CPU = Debug|Any CPU
		Release|Any CPU = Release|Any CPU
	EndGlobalSection
	GlobalSection(ProjectConfigurationPlatforms) = postSolution
		{9FE19E6B-49FE-4995-A3E8-FC7C0EB25B47}.Debug|Any CPU.ActiveCfg = Debug|Any CPU
		{9FE19E6B-49FE-4995-A3E8-FC7C0EB25B47}.Debug|Any CPU.Build.0 = Debug|Any CPU
		{9FE19E6B-49FE-4995-A3E8-FC7C0EB25B47}.Release|Any CPU.ActiveCfg = Release|Any CPU
		{9FE19E6B-49FE-4995-A3E8-FC7C0EB25B47}.Release|Any CPU.Build.0 = Release|Any CPU
		{EF319287-93EE-43FF-ABF4-4A3CB88CA698}.Debug|Any CPU.ActiveCfg = Debug|Any CPU
		{EF319287-93EE-43FF-ABF4-4A3CB88CA698}.Debug|Any CPU.Build.0 = Debug|Any CPU
		{EF319287-93EE-43FF-ABF4-4A3CB88CA698}.Release|Any CPU.ActiveCfg = Release|Any CPU
		{EF319287-93EE-43FF-ABF4-4A3CB88CA698}.Release|Any CPU.Build.0 = Release|Any CPU
	EndGlobalSection
	GlobalSection(SolutionProperties) = preSolution
		HideSolutionNode = FALSE
	EndGlobalSection
	GlobalSection(ExtensibilityGlobals) = postSolution
		SolutionGuid = {EA7D08A1-18B7-4B29-9508-01867A680A18}
	EndGlobalSection
EndGlobal
